lockfileVersion: '9.0'
importers:
  .:
    dependencies:
      plugin: {specifier: 1.0.0, version: '1.0.0(react@18.0.0)'}
      react: {specifier: 18.0.0, version: 18.0.0}
packages:
  plugin@1.0.0: {peerDependencies: {react: '*'}}
  react@18.0.0: {}
snapshots:
  plugin@1.0.0(react@18.0.0):
    dependencies: {react: 18.0.0}
  react@18.0.0: {}
